
Microsoft Visual Studio Solution File, Format Version 12.00
# Visual Studio 14
VisualStudioVersion = 14.0.24720.0
MinimumVisualStudioVersion = 10.0.40219.1
Project("{FAE04EC0-301F-11D3-BF4B-00C04F79EFBC}") = "BloodPressureConsole", "BloodPressureConsole\BloodPressureConsole.csproj", "{B8613FB2-4960-4213-81DA-1A95513A5A6F}"
EndProject
Project("{FAE04EC0-301F-11D3-BF4B-00C04F79EFBC}") = "BloodPressureDoctor", "BloodPressureDoctor\BloodPressureDoctor.csproj", "{98D3D0EF-567D-4F79-A241-A1DA5A59FAC4}"
EndProject
Project("{FAE04EC0-301F-11D3-BF4B-00C04F79EFBC}") = "BloodPressureWebApi", "BloodPressureWebApi\BloodPressureWebApi.csproj", "{9FCA16AA-9103-4B9B-9C4C-0AAA8E1C9A76}"
EndProject
Project("{FAE04EC0-301F-11D3-BF4B-00C04F79EFBC}") = "QueueListener", "QueueListener\QueueListener.csproj", "{3676CF23-9563-4DC3-A6F4-40B414942B5D}"
EndProject
Project("{FAE04EC0-301F-11D3-BF4B-00C04F79EFBC}") = "CommonDbManager", "CommonDbManager\CommonDbManager.csproj", "{848743C7-E773-4084-B92E-742FBFF53061}"
EndProject
Project("{FAE04EC0-301F-11D3-BF4B-00C04F79EFBC}") = "CommonQueueManager", "CommonQueueManager\CommonQueueManager.csproj", "{E6ACE206-47F1-4241-BDCC-7836ECD09C71}"
EndProject
Project("{2150E333-8FDC-42A3-9474-1A3956D46DE8}") = "BloodPressureTest", "BloodPressureTest", "{890FEF1B-354C-4FBC-992D-128E79F7E6AA}"
EndProject
Project("{FAE04EC0-301F-11D3-BF4B-00C04F79EFBC}") = "TestMongo", "BloodPressureTest\ConnectMongo\TestMongo.csproj", "{52EBFA19-D7AC-4154-8386-C38F90460B67}"
EndProject
Project("{FAE04EC0-301F-11D3-BF4B-00C04F79EFBC}") = "TestRabbitmq", "BloodPressureTest\RabbitmqSample\TestRabbitmq.csproj", "{6AD488A1-2080-4BEC-A79C-33F39FBA0708}"
EndProject
Global
	GlobalSection(SolutionConfigurationPlatforms) = preSolution
		Debug|Any CPU = Debug|Any CPU
		Release|Any CPU = Release|Any CPU
	EndGlobalSection
	GlobalSection(ProjectConfigurationPlatforms) = postSolution
		{B8613FB2-4960-4213-81DA-1A95513A5A6F}.Debug|Any CPU.ActiveCfg = Debug|Any CPU
		{B8613FB2-4960-4213-81DA-1A95513A5A6F}.Debug|Any CPU.Build.0 = Debug|Any CPU
		{B8613FB2-4960-4213-81DA-1A95513A5A6F}.Release|Any CPU.ActiveCfg = Release|Any CPU
		{B8613FB2-4960-4213-81DA-1A95513A5A6F}.Release|Any CPU.Build.0 = Release|Any CPU
		{98D3D0EF-567D-4F79-A241-A1DA5A59FAC4}.Debug|Any CPU.ActiveCfg = Debug|Any CPU
		{98D3D0EF-567D-4F79-A241-A1DA5A59FAC4}.Debug|Any CPU.Build.0 = Debug|Any CPU
		{98D3D0EF-567D-4F79-A241-A1DA5A59FAC4}.Release|Any CPU.ActiveCfg = Release|Any CPU
		{98D3D0EF-567D-4F79-A241-A1DA5A59FAC4}.Release|Any CPU.Build.0 = Release|Any CPU
		{9FCA16AA-9103-4B9B-9C4C-0AAA8E1C9A76}.Debug|Any CPU.ActiveCfg = Debug|Any CPU
		{9FCA16AA-9103-4B9B-9C4C-0AAA8E1C9A76}.Debug|Any CPU.Build.0 = Debug|Any CPU
		{9FCA16AA-9103-4B9B-9C4C-0AAA8E1C9A76}.Release|Any CPU.ActiveCfg = Release|Any CPU
		{9FCA16AA-9103-4B9B-9C4C-0AAA8E1C9A76}.Release|Any CPU.Build.0 = Release|Any CPU
		{3676CF23-9563-4DC3-A6F4-40B414942B5D}.Debug|Any CPU.ActiveCfg = Debug|Any CPU
		{3676CF23-9563-4DC3-A6F4-40B414942B5D}.Debug|Any CPU.Build.0 = Debug|Any CPU
		{3676CF23-9563-4DC3-A6F4-40B414942B5D}.Release|Any CPU.ActiveCfg = Release|Any CPU
		{3676CF23-9563-4DC3-A6F4-40B414942B5D}.Release|Any CPU.Build.0 = Release|Any CPU
		{848743C7-E773-4084-B92E-742FBFF53061}.Debug|Any CPU.ActiveCfg = Debug|Any CPU
		{848743C7-E773-4084-B92E-742FBFF53061}.Debug|Any CPU.Build.0 = Debug|Any CPU
		{848743C7-E773-4084-B92E-742FBFF53061}.Release|Any CPU.ActiveCfg = Release|Any CPU
		{848743C7-E773-4084-B92E-742FBFF53061}.Release|Any CPU.Build.0 = Release|Any CPU
		{E6ACE206-47F1-4241-BDCC-7836ECD09C71}.Debug|Any CPU.ActiveCfg = Debug|Any CPU
		{E6ACE206-47F1-4241-BDCC-7836ECD09C71}.Debug|Any CPU.Build.0 = Debug|Any CPU
		{E6ACE206-47F1-4241-BDCC-7836ECD09C71}.Release|Any CPU.ActiveCfg = Release|Any CPU
		{E6ACE206-47F1-4241-BDCC-7836ECD09C71}.Release|Any CPU.Build.0 = Release|Any CPU
		{52EBFA19-D7AC-4154-8386-C38F90460B67}.Debug|Any CPU.ActiveCfg = Debug|Any CPU
		{52EBFA19-D7AC-4154-8386-C38F90460B67}.Debug|Any CPU.Build.0 = Debug|Any CPU
		{52EBFA19-D7AC-4154-8386-C38F90460B67}.Release|Any CPU.ActiveCfg = Release|Any CPU
		{52EBFA19-D7AC-4154-8386-C38F90460B67}.Release|Any CPU.Build.0 = Release|Any CPU
		{6AD488A1-2080-4BEC-A79C-33F39FBA0708}.Debug|Any CPU.ActiveCfg = Debug|Any CPU
		{6AD488A1-2080-4BEC-A79C-33F39FBA0708}.Debug|Any CPU.Build.0 = Debug|Any CPU
		{6AD488A1-2080-4BEC-A79C-33F39FBA0708}.Release|Any CPU.ActiveCfg = Release|Any CPU
		{6AD488A1-2080-4BEC-A79C-33F39FBA0708}.Release|Any CPU.Build.0 = Release|Any CPU
	EndGlobalSection
	GlobalSection(SolutionProperties) = preSolution
		HideSolutionNode = FALSE
	EndGlobalSection
	GlobalSection(NestedProjects) = preSolution
		{52EBFA19-D7AC-4154-8386-C38F90460B67} = {890FEF1B-354C-4FBC-992D-128E79F7E6AA}
		{6AD488A1-2080-4BEC-A79C-33F39FBA0708} = {890FEF1B-354C-4FBC-992D-128E79F7E6AA}
	EndGlobalSection
EndGlobal
