
Microsoft Visual Studio Solution File, Format Version 12.00
# Visual Studio 14
VisualStudioVersion = 14.0.24720.0
MinimumVisualStudioVersion = 10.0.40219.1
Project("{FAE04EC0-301F-11D3-BF4B-00C04F79EFBC}") = "TestMongo", "ConnectMongo\TestMongo.csproj", "{52EBFA19-D7AC-4154-8386-C38F90460B67}"
EndProject
Project("{FAE04EC0-301F-11D3-BF4B-00C04F79EFBC}") = "TestRabbitmq", "RabbitmqSample\TestRabbitmq.csproj", "{6AD488A1-2080-4BEC-A79C-33F39FBA0708}"
EndProject
Global
	GlobalSection(SolutionConfigurationPlatforms) = preSolution
		Debug|Any CPU = Debug|Any CPU
		Release|Any CPU = Release|Any CPU
	EndGlobalSection
	GlobalSection(ProjectConfigurationPlatforms) = postSolution
		{52EBFA19-D7AC-4154-8386-C38F90460B67}.Debug|Any CPU.ActiveCfg = Debug|Any CPU
		{52EBFA19-D7AC-4154-8386-C38F90460B67}.Debug|Any CPU.Build.0 = Debug|Any CPU
		{52EBFA19-D7AC-4154-8386-C38F90460B67}.Release|Any CPU.ActiveCfg = Release|Any CPU
		{52EBFA19-D7AC-4154-8386-C38F90460B67}.Release|Any CPU.Build.0 = Release|Any CPU
		{6AD488A1-2080-4BEC-A79C-33F39FBA0708}.Debug|Any CPU.ActiveCfg = Debug|Any CPU
		{6AD488A1-2080-4BEC-A79C-33F39FBA0708}.Debug|Any CPU.Build.0 = Debug|Any CPU
		{6AD488A1-2080-4BEC-A79C-33F39FBA0708}.Release|Any CPU.ActiveCfg = Release|Any CPU
		{6AD488A1-2080-4BEC-A79C-33F39FBA0708}.Release|Any CPU.Build.0 = Release|Any CPU
	EndGlobalSection
	GlobalSection(SolutionProperties) = preSolution
		HideSolutionNode = FALSE
	EndGlobalSection
EndGlobal
